# THIS IS AN AUTOGENERATED FILE. DO NOT EDIT THIS FILE DIRECTLY.
# yarn lockfile v1


"@capacitor/ios@2.4.1":
  version "2.4.1"
  resolved "https://registry.yarnpkg.com/@capacitor/ios/-/ios-2.4.1.tgz#c65f3d3ae24b50806e60189087efc6703ac96e69"
  integrity sha512-Q1PfO67zn2668Gu9OYY2v02TuB20E530HHfe28wrK9X1Jy5jRFl1ZUr3epCkaB4XJQeGqM42oACO+BwURNAW5Q==
